{
  "name": "angularj-crud",
  "version": "0.0.0",
  "lockfileVersion": 1,
  "requires": true,
  "dependencies": {
    "@types/angular": {
      "version": "1.6.39",
      "resolved": "https://registry.npmjs.org/@types/angular/-/angular-1.6.39.tgz",
      "integrity": "sha512-fRj26foAwYbjOwnGSpIaY05+jRxZevHWwzcSrQIsJgh5Xrosbu4fX99+obJH4YFFS8+EkYRwsSpf2vpVddSNVw=="
    },
    "ng-table": {
      "version": "3.0.1",
      "resolved": "https://registry.npmjs.org/ng-table/-/ng-table-3.0.1.tgz",
      "integrity": "sha1-4O+liIfPQYBct5c4FNpQnd24k2g=",
      "requires": {
        "@types/angular": "1.6.39"
      }
    }
  }
}
